// !$*UTF8*$!
{
	archiveVersion = 1;
	classes = {
	};
	objectVersion = 46;
	objects = {

/* Begin PBXBuildFile section */
		8AFCC9C71EC9ADDD00FA0837 /* AppDelegate.swift in Sources */ = {isa = PBXBuildFile; fileRef = 8AFCC9C61EC9ADDD00FA0837 /* AppDelegate.swift */; };
		8AFCC9C91EC9ADDD00FA0837 /* ViewController.swift in Sources */ = {isa = PBXBuildFile; fileRef = 8AFCC9C81EC9ADDD00FA0837 /* ViewController.swift */; };
		8AFCC9CC1EC9ADDD00FA0837 /* Main.storyboard in Resources */ = {isa = PBXBuildFile; fileRef = 8AFCC9CA1EC9ADDD00FA0837 /* Main.storyboard */; };
		8AFCC9CE1EC9ADDD00FA0837 /* Assets.xcassets in Resources */ = {isa = PBXBuildFile; fileRef = 8AFCC9CD1EC9ADDD00FA0837 /* Assets.xcassets */; };
		8AFCC9D11EC9ADDD00FA0837 /* LaunchScreen.storyboard in Resources */ = {isa = PBXBuildFile; fileRef = 8AFCC9CF1EC9ADDD00FA0837 /* LaunchScreen.storyboard */; };
		8AFCC9DC1EC9ADDD00FA0837 /* MyTestTests.swift in Sources */ = {isa = PBXBuildFile; fileRef = 8AFCC9DB1EC9ADDD00FA0837 /* MyTestTests.swift */; };
		8AFCC9E71EC9ADDD00FA0837 /* MyTestUITests.swift in Sources */ = {isa = PBXBuildFile; fileRef = 8AFCC9E61EC9ADDD00FA0837 /* MyTestUITests.swift */; };
/* End PBXBuildFile section */

/* Begin PBXContainerItemProxy section */
		8AFCC9D81EC9ADDD00FA0837 /* PBXContainerItemProxy */ = {
			isa = PBXContainerItemProxy;
			containerPortal = 8AFCC9BB1EC9ADDC00FA0837 /* Project object */;
			proxyType = 1;
			remoteGlobalIDString = 8AFCC9C21EC9ADDD00FA0837;
			remoteInfo = MyTest;
		};
		8AFCC9E31EC9ADDD00FA0837 /* PBXContainerItemProxy */ = {
			isa = PBXContainerItemProxy;
			containerPortal = 8AFCC9BB1EC9ADDC00FA0837 /* Project object */;
			proxyType = 1;
			remoteGlobalIDString = 8AFCC9C21EC9ADDD00FA0837;
			remoteInfo = MyTest;
		};
/* End PBXContainerItemProxy section */

/* Begin PBXFileReference section */
		8AFCC9C31EC9ADDD00FA0837 /* MyTest.app */ = {isa = PBXFileReference; explicitFileType = wrapper.application; includeInIndex = 0; path = MyTest.app; sourceTree = BUILT_PRODUCTS_DIR; };
		8AFCC9C61EC9ADDD00FA0837 /* AppDelegate.swift */ = {isa = PBXFileReference; lastKnownFileType = sourcecode.swift; path = AppDelegate.swift; sourceTree = "<group>"; };
		8AFCC9C81EC9ADDD00FA0837 /* ViewController.swift */ = {isa = PBXFileReference; lastKnownFileType = sourcecode.swift; path = ViewController.swift; sourceTree = "<group>"; };
		8AFCC9CB1EC9ADDD00FA0837 /* Base */ = {isa = PBXFileReference; lastKnownFileType = file.storyboard; name = Base; path = Base.lproj/Main.storyboard; sourceTree = "<group>"; };
		8AFCC9CD1EC9ADDD00FA0837 /* Assets.xcassets */ = {isa = PBXFileReference; lastKnownFileType = folder.assetcatalog; path = Assets.xcassets; sourceTree = "<group>"; };
		8AFCC9D01EC9ADDD00FA0837 /* Base */ = {isa = PBXFileReference; lastKnownFileType = file.storyboard; name = Base; path = Base.lproj/LaunchScreen.storyboard; sourceTree = "<group>"; };
		8AFCC9D21EC9ADDD00FA0837 /* Info.plist */ = {isa = PBXFileReference; lastKnownFileType = text.plist.xml; path = Info.plist; sourceTree = "<group>"; };
		8AFCC9D71EC9ADDD00FA0837 /* MyTestTests.xctest */ = {isa = PBXFileReference; explicitFileType = wrapper.cfbundle; includeInIndex = 0; path = MyTestTests.xctest; sourceTree = BUILT_PRODUCTS_DIR; };
		8AFCC9DB1EC9ADDD00FA0837 /* MyTestTests.swift */ = {isa = PBXFileReference; lastKnownFileType = sourcecode.swift; path = MyTestTests.swift; sourceTree = "<group>"; };
		8AFCC9DD1EC9ADDD00FA0837 /* Info.plist */ = {isa = PBXFileReference; lastKnownFileType = text.plist.xml; path = Info.plist; sourceTree = "<group>"; };
		8AFCC9E21EC9ADDD00FA0837 /* MyTestUITests.xctest */ = {isa = PBXFileReference; explicitFileType = wrapper.cfbundle; includeInIndex = 0; path = MyTestUITests.xctest; sourceTree = BUILT_PRODUCTS_DIR; };
		8AFCC9E61EC9ADDD00FA0837 /* MyTestUITests.swift */ = {isa = PBXFileReference; lastKnownFileType = sourcecode.swift; path = MyTestUITests.swift; sourceTree = "<group>"; };
		8AFCC9E81EC9ADDD00FA0837 /* Info.plist */ = {isa = PBXFileReference; lastKnownFileType = text.plist.xml; path = Info.plist; sourceTree = "<group>"; };
/* End PBXFileReference section */

/* Begin PBXFrameworksBuildPhase section */
		8AFCC9C01EC9ADDD00FA0837 /* Frameworks */ = {
			isa = PBXFrameworksBuildPhase;
			buildActionMask = 2147483647;
			files = (
			);
			runOnlyForDeploymentPostprocessing = 0;
		};
		8AFCC9D41EC9ADDD00FA0837 /* Frameworks */ = {
			isa = PBXFrameworksBuildPhase;
			buildActionMask = 2147483647;
			files = (
			);
			runOnlyForDeploymentPostprocessing = 0;
		};
		8AFCC9DF1EC9ADDD00FA0837 /* Frameworks */ = {
			isa = PBXFrameworksBuildPhase;
			buildActionMask = 2147483647;
			files = (
			);
			runOnlyForDeploymentPostprocessing = 0;
		};
/* End PBXFrameworksBuildPhase section */

/* Begin PBXGroup section */
		8AFCC9BA1EC9ADDC00FA0837 = {
			isa = PBXGroup;
			children = (
				8AFCC9C51EC9ADDD00FA0837 /* MyTest */,
				8AFCC9DA1EC9ADDD00FA0837 /* MyTestTests */,
				8AFCC9E51EC9ADDD00FA0837 /* MyTestUITests */,
				8AFCC9C41EC9ADDD00FA0837 /* Products */,
			);
			sourceTree = "<group>";
		};
		8AFCC9C41EC9ADDD00FA0837 /* Products */ = {
			isa = PBXGroup;
			children = (
				8AFCC9C31EC9ADDD00FA0837 /* MyTest.app */,
				8AFCC9D71EC9ADDD00FA0837 /* MyTestTests.xctest */,
				8AFCC9E21EC9ADDD00FA0837 /* MyTestUITests.xctest */,
			);
			name = Products;
			sourceTree = "<group>";
		};
		8AFCC9C51EC9ADDD00FA0837 /* MyTest */ = {
			isa = PBXGroup;
			children = (
				8AFCC9C61EC9ADDD00FA0837 /* AppDelegate.swift */,
				8AFCC9C81EC9ADDD00FA0837 /* ViewController.swift */,
				8AFCC9CA1EC9ADDD00FA0837 /* Main.storyboard */,
				8AFCC9CD1EC9ADDD00FA0837 /* Assets.xcassets */,
				8AFCC9CF1EC9ADDD00FA0837 /* LaunchScreen.storyboard */,
				8AFCC9D21EC9ADDD00FA0837 /* Info.plist */,
			);
			path = MyTest;
			sourceTree = "<group>";
		};
		8AFCC9DA1EC9ADDD00FA0837 /* MyTestTests */ = {
			isa = PBXGroup;
			children = (
				8AFCC9DB1EC9ADDD00FA0837 /* MyTestTests.swift */,
				8AFCC9DD1EC9ADDD00FA0837 /* Info.plist */,
			);
			path = MyTestTests;
			sourceTree = "<group>";
		};
		8AFCC9E51EC9ADDD00FA0837 /* MyTestUITests */ = {
			isa = PBXGroup;
			children = (
				8AFCC9E61EC9ADDD00FA0837 /* MyTestUITests.swift */,
				8AFCC9E81EC9ADDD00FA0837 /* Info.plist */,
			);
			path = MyTestUITests;
			sourceTree = "<group>";
		};
/* End PBXGroup section */

/* Begin PBXNativeTarget section */
		8AFCC9C21EC9ADDD00FA0837 /* MyTest */ = {
			isa = PBXNativeTarget;
			buildConfigurationList = 8AFCC9EB1EC9ADDD00FA0837 /* Build configuration list for PBXNativeTarget "MyTest" */;
			buildPhases = (
				8AFCC9BF1EC9ADDD00FA0837 /* Sources */,
				8AFCC9C01EC9ADDD00FA0837 /* Frameworks */,
				8AFCC9C11EC9ADDD00FA0837 /* Resources */,
			);
			buildRules = (
			);
			dependencies = (
			);
			name = MyTest;
			productName = MyTest;
			productReference = 8AFCC9C31EC9ADDD00FA0837 /* MyTest.app */;
			productType = "com.apple.product-type.application";
		};
		8AFCC9D61EC9ADDD00FA0837 /* MyTestTests */ = {
			isa = PBXNativeTarget;
			buildConfigurationList = 8AFCC9EE1EC9ADDD00FA0837 /* Build configuration list for PBXNativeTarget "MyTestTests" */;
			buildPhases = (
				8AFCC9D31EC9ADDD00FA0837 /* Sources */,
				8AFCC9D41EC9ADDD00FA0837 /* Frameworks */,
				8AFCC9D51EC9ADDD00FA0837 /* Resources */,
			);
			buildRules = (
			);
			dependencies = (
				8AFCC9D91EC9ADDD00FA0837 /* PBXTargetDependency */,
			);
			name = MyTestTests;
			productName = MyTestTests;
			productReference = 8AFCC9D71EC9ADDD00FA0837 /* MyTestTests.xctest */;
			productType = "com.apple.product-type.bundle.unit-test";
		};
		8AFCC9E11EC9ADDD00FA0837 /* MyTestUITests */ = {
			isa = PBXNativeTarget;
			buildConfigurationList = 8AFCC9F11EC9ADDD00FA0837 /* Build configuration list for PBXNativeTarget "MyTestUITests" */;
			buildPhases = (
				8AFCC9DE1EC9ADDD00FA0837 /* Sources */,
				8AFCC9DF1EC9ADDD00FA0837 /* Frameworks */,
				8AFCC9E01EC9ADDD00FA0837 /* Resources */,
			);
			buildRules = (
			);
			dependencies = (
				8AFCC9E41EC9ADDD00FA0837 /* PBXTargetDependency */,
			);
			name = MyTestUITests;
			productName = MyTestUITests;
			productReference = 8AFCC9E21EC9ADDD00FA0837 /* MyTestUITests.xctest */;
			productType = "com.apple.product-type.bundle.ui-testing";
		};
/* End PBXNativeTarget section */

/* Begin PBXProject section */
		8AFCC9BB1EC9ADDC00FA0837 /* Project object */ = {
			isa = PBXProject;
			attributes = {
				LastSwiftUpdateCheck = 0730;
				LastUpgradeCheck = 0730;
				ORGANIZATIONNAME = cuscedu;
				TargetAttributes = {
					8AFCC9C21EC9ADDD00FA0837 = {
						CreatedOnToolsVersion = 7.3.1;
					};
					8AFCC9D61EC9ADDD00FA0837 = {
						CreatedOnToolsVersion = 7.3.1;
						TestTargetID = 8AFCC9C21EC9ADDD00FA0837;
					};
					8AFCC9E11EC9ADDD00FA0837 = {
						CreatedOnToolsVersion = 7.3.1;
						TestTargetID = 8AFCC9C21EC9ADDD00FA0837;
					};
				};
			};
			buildConfigurationList = 8AFCC9BE1EC9ADDD00FA0837 /* Build configuration list for PBXProject "MyTest" */;
			compatibilityVersion = "Xcode 3.2";
			developmentRegion = English;
			hasScannedForEncodings = 0;
			knownRegions = (
				en,
				Base,
			);
			mainGroup = 8AFCC9BA1EC9ADDC00FA0837;
			productRefGroup = 8AFCC9C41EC9ADDD00FA0837 /* Products */;
			projectDirPath = "";
			projectRoot = "";
			targets = (
				8AFCC9C21EC9ADDD00FA0837 /* MyTest */,
				8AFCC9D61EC9ADDD00FA0837 /* MyTestTests */,
				8AFCC9E11EC9ADDD00FA0837 /* MyTestUITests */,
			);
		};
/* End PBXProject section */

/* Begin PBXResourcesBuildPhase section */
		8AFCC9C11EC9ADDD00FA0837 /* Resources */ = {
			isa = PBXResourcesBuildPhase;
			buildActionMask = 2147483647;
			files = (
				8AFCC9D11EC9ADDD00FA0837 /* LaunchScreen.storyboard in Resources */,
				8AFCC9CE1EC9ADDD00FA0837 /* Assets.xcassets in Resources */,
				8AFCC9CC1EC9ADDD00FA0837 /* Main.storyboard in Resources */,
			);
			runOnlyForDeploymentPostprocessing = 0;
		};
		8AFCC9D51EC9ADDD00FA0837 /* Resources */ = {
			isa = PBXResourcesBuildPhase;
			buildActionMask = 2147483647;
			files = (
			);
			runOnlyForDeploymentPostprocessing = 0;
		};
		8AFCC9E01EC9ADDD00FA0837 /* Resources */ = {
			isa = PBXResourcesBuildPhase;
			buildActionMask = 2147483647;
			files = (
			);
			runOnlyForDeploymentPostprocessing = 0;
		};
/* End PBXResourcesBuildPhase section */

/* Begin PBXSourcesBuildPhase section */
		8AFCC9BF1EC9ADDD00FA0837 /* Sources */ = {
			isa = PBXSourcesBuildPhase;
			buildActionMask = 2147483647;
			files = (
				8AFCC9C91EC9ADDD00FA0837 /* ViewController.swift in Sources */,
				8AFCC9C71EC9ADDD00FA0837 /* AppDelegate.swift in Sources */,
			);
			runOnlyForDeploymentPostprocessing = 0;
		};
		8AFCC9D31EC9ADDD00FA0837 /* Sources */ = {
			isa = PBXSourcesBuildPhase;
			buildActionMask = 2147483647;
			files = (
				8AFCC9DC1EC9ADDD00FA0837 /* MyTestTests.swift in Sources */,
			);
			runOnlyForDeploymentPostprocessing = 0;
		};
		8AFCC9DE1EC9ADDD00FA0837 /* Sources */ = {
			isa = PBXSourcesBuildPhase;
			buildActionMask = 2147483647;
			files = (
				8AFCC9E71EC9ADDD00FA0837 /* MyTestUITests.swift in Sources */,
			);
			runOnlyForDeploymentPostprocessing = 0;
		};
/* End PBXSourcesBuildPhase section */

/* Begin PBXTargetDependency section */
		8AFCC9D91EC9ADDD00FA0837 /* PBXTargetDependency */ = {
			isa = PBXTargetDependency;
			target = 8AFCC9C21EC9ADDD00FA0837 /* MyTest */;
			targetProxy = 8AFCC9D81EC9ADDD00FA0837 /* PBXContainerItemProxy */;
		};
		8AFCC9E41EC9ADDD00FA0837 /* PBXTargetDependency */ = {
			isa = PBXTargetDependency;
			target = 8AFCC9C21EC9ADDD00FA0837 /* MyTest */;
			targetProxy = 8AFCC9E31EC9ADDD00FA0837 /* PBXContainerItemProxy */;
		};
/* End PBXTargetDependency section */

/* Begin PBXVariantGroup section */
		8AFCC9CA1EC9ADDD00FA0837 /* Main.storyboard */ = {
			isa = PBXVariantGroup;
			children = (
				8AFCC9CB1EC9ADDD00FA0837 /* Base */,
			);
			name = Main.storyboard;
			sourceTree = "<group>";
		};
		8AFCC9CF1EC9ADDD00FA0837 /* LaunchScreen.storyboard */ = {
			isa = PBXVariantGroup;
			children = (
				8AFCC9D01EC9ADDD00FA0837 /* Base */,
			);
			name = LaunchScreen.storyboard;
			sourceTree = "<group>";
		};
/* End PBXVariantGroup section */

/* Begin XCBuildConfiguration section */
		8AFCC9E91EC9ADDD00FA0837 /* Debug */ = {
			isa = XCBuildConfiguration;
			buildSettings = {
				ALWAYS_SEARCH_USER_PATHS = NO;
				CLANG_ANALYZER_NONNULL = YES;
				CLANG_CXX_LANGUAGE_STANDARD = "gnu++0x";
				CLANG_CXX_LIBRARY = "libc++";
				CLANG_ENABLE_MODULES = YES;
				CLANG_ENABLE_OBJC_ARC = YES;
				CLANG_WARN_BOOL_CONVERSION = YES;
				CLANG_WARN_CONSTANT_CONVERSION = YES;
				CLANG_WARN_DIRECT_OBJC_ISA_USAGE = YES_ERROR;
				CLANG_WARN_EMPTY_BODY = YES;
				CLANG_WARN_ENUM_CONVERSION = YES;
				CLANG_WARN_INT_CONVERSION = YES;
				CLANG_WARN_OBJC_ROOT_CLASS = YES_ERROR;
				CLANG_WARN_UNREACHABLE_CODE = YES;
				CLANG_WARN__DUPLICATE_METHOD_MATCH = YES;
				"CODE_SIGN_IDENTITY[sdk=iphoneos*]" = "iPhone Developer";
				COPY_PHASE_STRIP = NO;
				DEBUG_INFORMATION_FORMAT = dwarf;
				ENABLE_STRICT_OBJC_MSGSEND = YES;
				ENABLE_TESTABILITY = YES;
				GCC_C_LANGUAGE_STANDARD = gnu99;
				GCC_DYNAMIC_NO_PIC = NO;
				GCC_NO_COMMON_BLOCKS = YES;
				GCC_OPTIMIZATION_LEVEL = 0;
				GCC_PREPROCESSOR_DEFINITIONS = (
					"DEBUG=1",
					"$(inherited)",
				);
				GCC_WARN_64_TO_32_BIT_CONVERSION = YES;
				GCC_WARN_ABOUT_RETURN_TYPE = YES_ERROR;
				GCC_WARN_UNDECLARED_SELECTOR = YES;
				GCC_WARN_UNINITIALIZED_AUTOS = YES_AGGRESSIVE;
				GCC_WARN_UNUSED_FUNCTION = YES;
				GCC_WARN_UNUSED_VARIABLE = YES;
				IPHONEOS_DEPLOYMENT_TARGET = 9.3;
				MTL_ENABLE_DEBUG_INFO = YES;
				ONLY_ACTIVE_ARCH = YES;
				SDKROOT = iphoneos;
				SWIFT_OPTIMIZATION_LEVEL = "-Onone";
				TARGETED_DEVICE_FAMILY = "1,2";
			};
			name = Debug;
		};
		8AFCC9EA1EC9ADDD00FA0837 /* Release */ = {
			isa = XCBuildConfiguration;
			buildSettings = {
				ALWAYS_SEARCH_USER_PATHS = NO;
				CLANG_ANALYZER_NONNULL = YES;
				CLANG_CXX_LANGUAGE_STANDARD = "gnu++0x";
				CLANG_CXX_LIBRARY = "libc++";
				CLANG_ENABLE_MODULES = YES;
				CLANG_ENABLE_OBJC_ARC = YES;
				CLANG_WARN_BOOL_CONVERSION = YES;
				CLANG_WARN_CONSTANT_CONVERSION = YES;
				CLANG_WARN_DIRECT_OBJC_ISA_USAGE = YES_ERROR;
				CLANG_WARN_EMPTY_BODY = YES;
				CLANG_WARN_ENUM_CONVERSION = YES;
				CLANG_WARN_INT_CONVERSION = YES;
				CLANG_WARN_OBJC_ROOT_CLASS = YES_ERROR;
				CLANG_WARN_UNREACHABLE_CODE = YES;
				CLANG_WARN__DUPLICATE_METHOD_MATCH = YES;
				"CODE_SIGN_IDENTITY[sdk=iphoneos*]" = "iPhone Developer";
				COPY_PHASE_STRIP = NO;
				DEBUG_INFORMATION_FORMAT = "dwarf-with-dsym";
				ENABLE_NS_ASSERTIONS = NO;
				ENABLE_STRICT_OBJC_MSGSEND = YES;
				GCC_C_LANGUAGE_STANDARD = gnu99;
				GCC_NO_COMMON_BLOCKS = YES;
				GCC_WARN_64_TO_32_BIT_CONVERSION = YES;
				GCC_WARN_ABOUT_RETURN_TYPE = YES_ERROR;
				GCC_WARN_UNDECLARED_SELECTOR = YES;
				GCC_WARN_UNINITIALIZED_AUTOS = YES_AGGRESSIVE;
				GCC_WARN_UNUSED_FUNCTION = YES;
				GCC_WARN_UNUSED_VARIABLE = YES;
				IPHONEOS_DEPLOYMENT_TARGET = 9.3;
				MTL_ENABLE_DEBUG_INFO = NO;
				SDKROOT = iphoneos;
				TARGETED_DEVICE_FAMILY = "1,2";
				VALIDATE_PRODUCT = YES;
			};
			name = Release;
		};
		8AFCC9EC1EC9ADDD00FA0837 /* Debug */ = {
			isa = XCBuildConfiguration;
			buildSettings = {
				ASSETCATALOG_COMPILER_APPICON_NAME = AppIcon;
				INFOPLIST_FILE = MyTest/Info.plist;
				LD_RUNPATH_SEARCH_PATHS = "$(inherited) @executable_path/Frameworks";
				PRODUCT_BUNDLE_IDENTIFIER = com.cusc.MyTest;
				PRODUCT_NAME = "$(TARGET_NAME)";
			};
			name = Debug;
		};
		8AFCC9ED1EC9ADDD00FA0837 /* Release */ = {
			isa = XCBuildConfiguration;
			buildSettings = {
				ASSETCATALOG_COMPILER_APPICON_NAME = AppIcon;
				INFOPLIST_FILE = MyTest/Info.plist;
				LD_RUNPATH_SEARCH_PATHS = "$(inherited) @executable_path/Frameworks";
				PRODUCT_BUNDLE_IDENTIFIER = com.cusc.MyTest;
				PRODUCT_NAME = "$(TARGET_NAME)";
			};
			name = Release;
		};
		8AFCC9EF1EC9ADDD00FA0837 /* Debug */ = {
			isa = XCBuildConfiguration;
			buildSettings = {
				BUNDLE_LOADER = "$(TEST_HOST)";
				INFOPLIST_FILE = MyTestTests/Info.plist;
				LD_RUNPATH_SEARCH_PATHS = "$(inherited) @executable_path/Frameworks @loader_path/Frameworks";
				PRODUCT_BUNDLE_IDENTIFIER = com.cusc.MyTestTests;
				PRODUCT_NAME = "$(TARGET_NAME)";
				TEST_HOST = "$(BUILT_PRODUCTS_DIR)/MyTest.app/MyTest";
			};
			name = Debug;
		};
		8AFCC9F01EC9ADDD00FA0837 /* Release */ = {
			isa = XCBuildConfiguration;
			buildSettings = {
				BUNDLE_LOADER = "$(TEST_HOST)";
				INFOPLIST_FILE = MyTestTests/Info.plist;
				LD_RUNPATH_SEARCH_PATHS = "$(inherited) @executable_path/Frameworks @loader_path/Frameworks";
				PRODUCT_BUNDLE_IDENTIFIER = com.cusc.MyTestTests;
				PRODUCT_NAME = "$(TARGET_NAME)";
				TEST_HOST = "$(BUILT_PRODUCTS_DIR)/MyTest.app/MyTest";
			};
			name = Release;
		};
		8AFCC9F21EC9ADDD00FA0837 /* Debug */ = {
			isa = XCBuildConfiguration;
			buildSettings = {
				INFOPLIST_FILE = MyTestUITests/Info.plist;
				LD_RUNPATH_SEARCH_PATHS = "$(inherited) @executable_path/Frameworks @loader_path/Frameworks";
				PRODUCT_BUNDLE_IDENTIFIER = com.cusc.MyTestUITests;
				PRODUCT_NAME = "$(TARGET_NAME)";
				TEST_TARGET_NAME = MyTest;
			};
			name = Debug;
		};
		8AFCC9F31EC9ADDD00FA0837 /* Release */ = {
			isa = XCBuildConfiguration;
			buildSettings = {
				INFOPLIST_FILE = MyTestUITests/Info.plist;
				LD_RUNPATH_SEARCH_PATHS = "$(inherited) @executable_path/Frameworks @loader_path/Frameworks";
				PRODUCT_BUNDLE_IDENTIFIER = com.cusc.MyTestUITests;
				PRODUCT_NAME = "$(TARGET_NAME)";
				TEST_TARGET_NAME = MyTest;
			};
			name = Release;
		};
/* End XCBuildConfiguration section */

/* Begin XCConfigurationList section */
		8AFCC9BE1EC9ADDD00FA0837 /* Build configuration list for PBXProject "MyTest" */ = {
			isa = XCConfigurationList;
			buildConfigurations = (
				8AFCC9E91EC9ADDD00FA0837 /* Debug */,
				8AFCC9EA1EC9ADDD00FA0837 /* Release */,
			);
			defaultConfigurationIsVisible = 0;
			defaultConfigurationName = Release;
		};
		8AFCC9EB1EC9ADDD00FA0837 /* Build configuration list for PBXNativeTarget "MyTest" */ = {
			isa = XCConfigurationList;
			buildConfigurations = (
				8AFCC9EC1EC9ADDD00FA0837 /* Debug */,
				8AFCC9ED1EC9ADDD00FA0837 /* Release */,
			);
			defaultConfigurationIsVisible = 0;
		};
		8AFCC9EE1EC9ADDD00FA0837 /* Build configuration list for PBXNativeTarget "MyTestTests" */ = {
			isa = XCConfigurationList;
			buildConfigurations = (
				8AFCC9EF1EC9ADDD00FA0837 /* Debug */,
				8AFCC9F01EC9ADDD00FA0837 /* Release */,
			);
			defaultConfigurationIsVisible = 0;
		};
		8AFCC9F11EC9ADDD00FA0837 /* Build configuration list for PBXNativeTarget "MyTestUITests" */ = {
			isa = XCConfigurationList;
			buildConfigurations = (
				8AFCC9F21EC9ADDD00FA0837 /* Debug */,
				8AFCC9F31EC9ADDD00FA0837 /* Release */,
			);
			defaultConfigurationIsVisible = 0;
		};
/* End XCConfigurationList section */
	};
	rootObject = 8AFCC9BB1EC9ADDC00FA0837 /* Project object */;
}
